{
  "version": 4,
  "terraform_version": "0.14.5",
  "serial": 35,
  "lineage": "3f28e222-0338-77dc-3345-880c6327228a",
  "outputs": {},
  "resources": [
    {
      "mode": "data",
      "type": "google_client_openid_userinfo",
      "name": "me",
      "provider": "provider[\"registry.terraform.io/hashicorp/google\"]",
      "instances": [
        {
          "schema_version": 0,
          "attributes": {
            "email": "terraform-test@terraform-test-302307.iam.gserviceaccount.com",
            "id": "terraform-test@terraform-test-302307.iam.gserviceaccount.com"
          },
          "sensitive_attributes": []
        }
      ]
    },
    {
      "mode": "data",
      "type": "google_compute_image",
      "name": "my_image",
      "provider": "provider[\"registry.terraform.io/hashicorp/google\"]",
      "instances": [
        {
          "schema_version": 0,
          "attributes": {
            "archive_size_bytes": 2171738112,
            "creation_timestamp": "2021-01-21T18:16:36.268-08:00",
            "description": "Debian, Debian GNU/Linux, 9 (stretch), amd64 built on 20210122",
            "disk_size_gb": 10,
            "family": "debian-9",
            "filter": null,
            "id": "projects/debian-cloud/global/images/debian-9-stretch-v20210122",
            "image_encryption_key_sha256": "",
            "image_id": "4340030358061288300",
            "label_fingerprint": "42WmSpB8rSM=",
            "labels": {},
            "licenses": [
              "https://www.googleapis.com/compute/v1/projects/debian-cloud/global/licenses/debian-9-stretch"
            ],
            "name": "debian-9-stretch-v20210122",
            "project": "debian-cloud",
            "self_link": "https://www.googleapis.com/compute/v1/projects/debian-cloud/global/images/debian-9-stretch-v20210122",
            "source_disk": "",
            "source_disk_encryption_key_sha256": "",
            "source_disk_id": "",
            "source_image_id": "",
            "status": "READY"
          },
          "sensitive_attributes": []
        }
      ]
    },
    {
      "mode": "managed",
      "type": "google_compute_firewall",
      "name": "vm_firewall",
      "provider": "provider[\"registry.terraform.io/hashicorp/google\"]",
      "instances": [
        {
          "schema_version": 1,
          "attributes": {
            "allow": [
              {
                "ports": [
                  "80",
                  "443"
                ],
                "protocol": "tcp"
              }
            ],
            "creation_timestamp": "2021-01-27T00:19:45.678-08:00",
            "deny": [],
            "description": "",
            "destination_ranges": [],
            "direction": "INGRESS",
            "disabled": false,
            "enable_logging": null,
            "id": "projects/terraform-test-302307/global/firewalls/bespin-khs-firewall",
            "log_config": [],
            "name": "bespin-khs-firewall",
            "network": "https://www.googleapis.com/compute/v1/projects/terraform-test-302307/global/networks/bespin-khs-network",
            "priority": 1000,
            "project": "terraform-test-302307",
            "self_link": "https://www.googleapis.com/compute/v1/projects/terraform-test-302307/global/firewalls/bespin-khs-firewall",
            "source_ranges": [
              "0.0.0.0/0"
            ],
            "source_service_accounts": null,
            "source_tags": null,
            "target_service_accounts": null,
            "target_tags": [
              "khs-tags"
            ],
            "timeouts": null
          },
          "sensitive_attributes": [],
          "private": "eyJlMmJmYjczMC1lY2FhLTExZTYtOGY4OC0zNDM2M2JjN2M0YzAiOnsiY3JlYXRlIjoyNDAwMDAwMDAwMDAsImRlbGV0ZSI6MjQwMDAwMDAwMDAwLCJ1cGRhdGUiOjI0MDAwMDAwMDAwMH0sInNjaGVtYV92ZXJzaW9uIjoiMSJ9",
          "dependencies": [
            "google_compute_network.vpc_network"
          ]
        }
      ]
    },
    {
      "mode": "managed",
      "type": "google_compute_instance_group_manager",
      "name": "instance_manager",
      "provider": "provider[\"registry.terraform.io/hashicorp/google\"]",
      "instances": [
        {
          "schema_version": 0,
          "attributes": {
            "auto_healing_policies": [],
            "base_instance_name": "app",
            "description": "",
            "fingerprint": "VmWWXo8WB74=",
            "id": "projects/terraform-test-302307/zones/us-central1-a/instanceGroupManagers/bespin-khs-group-manager",
            "instance_group": "https://www.googleapis.com/compute/v1/projects/terraform-test-302307/zones/us-central1-a/instanceGroups/bespin-khs-group-manager",
            "name": "bespin-khs-group-manager",
            "named_port": [],
            "operation": null,
            "project": "terraform-test-302307",
            "self_link": "https://www.googleapis.com/compute/v1/projects/terraform-test-302307/zones/us-central1-a/instanceGroupManagers/bespin-khs-group-manager",
            "stateful_disk": [],
            "target_pools": [],
            "target_size": 3,
            "timeouts": null,
            "update_policy": [
              {
                "max_surge_fixed": 1,
                "max_surge_percent": 0,
                "max_unavailable_fixed": 1,
                "max_unavailable_percent": 0,
                "min_ready_sec": 0,
                "minimal_action": "REPLACE",
                "replacement_method": "SUBSTITUTE",
                "type": "OPPORTUNISTIC"
              }
            ],
            "version": [
              {
                "instance_template": "https://www.googleapis.com/compute/v1/projects/terraform-test-302307/global/instanceTemplates/bespin-khs-template",
                "name": "",
                "target_size": []
              }
            ],
            "wait_for_instances": false,
            "zone": "us-central1-a"
          },
          "sensitive_attributes": [],
          "private": "eyJlMmJmYjczMC1lY2FhLTExZTYtOGY4OC0zNDM2M2JjN2M0YzAiOnsiY3JlYXRlIjozMDAwMDAwMDAwMDAsImRlbGV0ZSI6OTAwMDAwMDAwMDAwLCJ1cGRhdGUiOjMwMDAwMDAwMDAwMH19",
          "dependencies": [
            "data.google_compute_image.my_image",
            "google_compute_instance_template.vm_template"
          ]
        }
      ]
    },
    {
      "mode": "managed",
      "type": "google_compute_instance_template",
      "name": "vm_template",
      "provider": "provider[\"registry.terraform.io/hashicorp/google\"]",
      "instances": [
        {
          "schema_version": 1,
          "attributes": {
            "can_ip_forward": false,
            "confidential_instance_config": [],
            "description": "",
            "disk": [
              {
                "auto_delete": true,
                "boot": true,
                "device_name": "persistent-disk-0",
                "disk_encryption_key": [],
                "disk_name": "",
                "disk_size_gb": 10,
                "disk_type": "pd-standard",
                "interface": "SCSI",
                "labels": {},
                "mode": "READ_WRITE",
                "source": "",
                "source_image": "projects/debian-cloud/global/images/debian-9-stretch-v20210122",
                "type": "PERSISTENT"
              }
            ],
            "enable_display": null,
            "guest_accelerator": [],
            "id": "projects/terraform-test-302307/global/instanceTemplates/bespin-khs-template",
            "instance_description": "",
            "labels": null,
            "machine_type": "n1-standard-1",
            "metadata": {},
            "metadata_fingerprint": "SFITvLi_Yqs=",
            "metadata_startup_script": null,
            "min_cpu_platform": "",
            "name": "bespin-khs-template",
            "name_prefix": null,
            "network_interface": [
              {
                "access_config": [],
                "alias_ip_range": [],
                "name": "nic0",
                "network": "https://www.googleapis.com/compute/v1/projects/terraform-test-302307/global/networks/default",
                "network_ip": "",
                "subnetwork": "",
                "subnetwork_project": ""
              }
            ],
            "project": "terraform-test-302307",
            "region": null,
            "scheduling": [
              {
                "automatic_restart": true,
                "node_affinities": [],
                "on_host_maintenance": "MIGRATE",
                "preemptible": false
              }
            ],
            "self_link": "https://www.googleapis.com/compute/beta/projects/terraform-test-302307/global/instanceTemplates/bespin-khs-template",
            "service_account": [],
            "shielded_instance_config": [],
            "tags": [
              "khs-tags"
            ],
            "tags_fingerprint": "",
            "timeouts": null
          },
          "sensitive_attributes": [],
          "private": "eyJlMmJmYjczMC1lY2FhLTExZTYtOGY4OC0zNDM2M2JjN2M0YzAiOnsiY3JlYXRlIjoyNDAwMDAwMDAwMDAsImRlbGV0ZSI6MjQwMDAwMDAwMDAwfSwic2NoZW1hX3ZlcnNpb24iOiIxIn0=",
          "dependencies": [
            "data.google_compute_image.my_image"
          ]
        }
      ]
    },
    {
      "mode": "managed",
      "type": "google_compute_network",
      "name": "vpc_network",
      "provider": "provider[\"registry.terraform.io/hashicorp/google\"]",
      "instances": [
        {
          "schema_version": 0,
          "attributes": {
            "auto_create_subnetworks": true,
            "delete_default_routes_on_create": false,
            "description": "",
            "gateway_ipv4": "",
            "id": "projects/terraform-test-302307/global/networks/bespin-khs-network",
            "mtu": 0,
            "name": "bespin-khs-network",
            "project": "terraform-test-302307",
            "routing_mode": "GLOBAL",
            "self_link": "https://www.googleapis.com/compute/v1/projects/terraform-test-302307/global/networks/bespin-khs-network",
            "timeouts": null
          },
          "sensitive_attributes": [],
          "private": "eyJlMmJmYjczMC1lY2FhLTExZTYtOGY4OC0zNDM2M2JjN2M0YzAiOnsiY3JlYXRlIjoyNDAwMDAwMDAwMDAsImRlbGV0ZSI6MjQwMDAwMDAwMDAwLCJ1cGRhdGUiOjI0MDAwMDAwMDAwMH19"
        }
      ]
    },
    {
      "mode": "managed",
      "type": "google_compute_subnetwork",
      "name": "vpc_subnet",
      "provider": "provider[\"registry.terraform.io/hashicorp/google\"]",
      "instances": [
        {
          "schema_version": 0,
          "attributes": {
            "creation_timestamp": "2021-01-27T00:08:52.678-08:00",
            "description": "",
            "fingerprint": null,
            "gateway_address": "10.0.1.1",
            "id": "projects/terraform-test-302307/regions/us-central1/subnetworks/bespin-khs-subnet",
            "ip_cidr_range": "10.0.1.0/24",
            "log_config": [
              {
                "aggregation_interval": "INTERVAL_5_MIN",
                "filter_expr": "true",
                "flow_sampling": 0.5,
                "metadata": "INCLUDE_ALL_METADATA",
                "metadata_fields": []
              }
            ],
            "name": "bespin-khs-subnet",
            "network": "https://www.googleapis.com/compute/v1/projects/terraform-test-302307/global/networks/bespin-khs-network",
            "private_ip_google_access": false,
            "private_ipv6_google_access": "DISABLE_GOOGLE_ACCESS",
            "project": "terraform-test-302307",
            "region": "us-central1",
            "secondary_ip_range": [],
            "self_link": "https://www.googleapis.com/compute/v1/projects/terraform-test-302307/regions/us-central1/subnetworks/bespin-khs-subnet",
            "timeouts": null
          },
          "sensitive_attributes": [],
          "private": "eyJlMmJmYjczMC1lY2FhLTExZTYtOGY4OC0zNDM2M2JjN2M0YzAiOnsiY3JlYXRlIjozNjAwMDAwMDAwMDAsImRlbGV0ZSI6MzYwMDAwMDAwMDAwLCJ1cGRhdGUiOjM2MDAwMDAwMDAwMH19",
          "dependencies": [
            "google_compute_network.vpc_network"
          ]
        }
      ]
    },
    {
      "mode": "managed",
      "type": "google_os_login_ssh_public_key",
      "name": "cache",
      "provider": "provider[\"registry.terraform.io/hashicorp/google\"]",
      "instances": [
        {
          "schema_version": 0,
          "attributes": {
            "expiration_time_usec": "",
            "fingerprint": "9e713cc4b7ccf0b35cbe176c490de1def18bdf9ffa5b611001733116afe80605",
            "id": "users/terraform-test@terraform-test-302307.iam.gserviceaccount.com/sshPublicKeys/9e713cc4b7ccf0b35cbe176c490de1def18bdf9ffa5b611001733116afe80605",
            "key": "ssh-rsa AAAAB3NzaC1yc2EAAAADAQABAAABgQDB73nA4FuqqErTmhi+VW9xHAhxa0GajFCAjuYdk9Nhsnsyn4comOyFOY2rX2U4aSUdggJYV49dFuLBAVrUaoWrgExo4RpL9xnh+7DL83/tejQSv3MEAX8bDdYML7orKQjIxohgeeZ4CBYZjE9h39sLn+zbghDHQaUyLTqpvoVm+JOT0W7LcRbXCv9tQqWJ7aMNs80XmMSdk5JYMWTTosACnSHqXK0mJOSzkX4z09TIhovuP9+MTmz5zJpXYkGCFhNIDefxTJarrgPwuIEFT8We2+ztDvPCrPixVkmPO3/UfXswTRTgxQGRJIIzbuYq6ppBpT8nCI+DJPxNUM/wNE/fEFJigysoPTk+yriaFQFXR8Up59fpLcocqAn4+W/yXXBhyeYyYKF/qzfjJvdLEOh/R0iJ+x/uH3QwAkqO6IltFka1z9zfWI3XCPqVMCXucpH4u3GiQ21qhmDfLM0tHBliSsow6pDYJYYN6jpgDbU3hE/k2FbunjP25fFevj8bwes= hwanseung.kim@bespinglobal.com\n",
            "project": null,
            "timeouts": null,
            "user": "terraform-test@terraform-test-302307.iam.gserviceaccount.com"
          },
          "sensitive_attributes": [],
          "private": "eyJlMmJmYjczMC1lY2FhLTExZTYtOGY4OC0zNDM2M2JjN2M0YzAiOnsiY3JlYXRlIjoyNDAwMDAwMDAwMDAsImRlbGV0ZSI6MjQwMDAwMDAwMDAwLCJ1cGRhdGUiOjI0MDAwMDAwMDAwMH19",
          "dependencies": [
            "data.google_client_openid_userinfo.me"
          ]
        }
      ]
    }
  ]
}
